// !$*UTF8*$!
{
	archiveVersion = 1;
	classes = {
	};
	objectVersion = 46;
	objects = {

/* Begin PBXBuildFile section */
		38021F7B1D20B68000863A6E /* APIConstants.swift in Sources */ = {isa = PBXBuildFile; fileRef = 38021F7A1D20B68000863A6E /* APIConstants.swift */; };
		38021F7E1D21A7EF00863A6E /* ParseClient.swift in Sources */ = {isa = PBXBuildFile; fileRef = 38021F7D1D21A7EF00863A6E /* ParseClient.swift */; };
		38021F801D21E3B800863A6E /* ParseConstants.swift in Sources */ = {isa = PBXBuildFile; fileRef = 38021F7F1D21E3B800863A6E /* ParseConstants.swift */; };
		38021F821D22E8D100863A6E /* Location.swift in Sources */ = {isa = PBXBuildFile; fileRef = 38021F811D22E8D100863A6E /* Location.swift */; };
		38021F841D22FA6E00863A6E /* StudentLocation.swift in Sources */ = {isa = PBXBuildFile; fileRef = 38021F831D22FA6E00863A6E /* StudentLocation.swift */; };
		38021F861D235A8F00863A6E /* WebViewController.swift in Sources */ = {isa = PBXBuildFile; fileRef = 38021F851D235A8F00863A6E /* WebViewController.swift */; };
		38021F901D2987DE00863A6E /* Login.swift in Sources */ = {isa = PBXBuildFile; fileRef = 38021F8F1D2987DE00863A6E /* Login.swift */; };
		380DC0DE1D19D686003A65FF /* InformationPostingViewController.swift in Sources */ = {isa = PBXBuildFile; fileRef = 380DC0DD1D19D686003A65FF /* InformationPostingViewController.swift */; };
		380DC0E01D19DE37003A65FF /* StudentListTableViewController.swift in Sources */ = {isa = PBXBuildFile; fileRef = 380DC0DF1D19DE37003A65FF /* StudentListTableViewController.swift */; };
		380DC0E51D1B4DA6003A65FF /* UdacityClient.swift in Sources */ = {isa = PBXBuildFile; fileRef = 380DC0E41D1B4DA6003A65FF /* UdacityClient.swift */; };
		380DC0EB1D1B4E9E003A65FF /* UdacityConstants.swift in Sources */ = {isa = PBXBuildFile; fileRef = 380DC0EA1D1B4E9E003A65FF /* UdacityConstants.swift */; };
		38D597C71D2DECB20052A035 /* StudentLocationTableViewCell.swift in Sources */ = {isa = PBXBuildFile; fileRef = 38D597C61D2DECB20052A035 /* StudentLocationTableViewCell.swift */; };
		38D597C91D2EBE420052A035 /* Student.swift in Sources */ = {isa = PBXBuildFile; fileRef = 38D597C81D2EBE420052A035 /* Student.swift */; };
		38F9C41D1D20636B007BD549 /* APISession.swift in Sources */ = {isa = PBXBuildFile; fileRef = 38F9C41C1D20636B007BD549 /* APISession.swift */; };
		38FD92C51D17285E003599B3 /* AppDelegate.swift in Sources */ = {isa = PBXBuildFile; fileRef = 38FD92C41D17285E003599B3 /* AppDelegate.swift */; };
		38FD92C71D17285E003599B3 /* MapViewController.swift in Sources */ = {isa = PBXBuildFile; fileRef = 38FD92C61D17285E003599B3 /* MapViewController.swift */; };
		38FD92CA1D17285E003599B3 /* Main.storyboard in Resources */ = {isa = PBXBuildFile; fileRef = 38FD92C81D17285E003599B3 /* Main.storyboard */; };
		38FD92CD1D17285E003599B3 /* OnTheMap.xcdatamodeld in Sources */ = {isa = PBXBuildFile; fileRef = 38FD92CB1D17285E003599B3 /* OnTheMap.xcdatamodeld */; };
		38FD92CF1D17285E003599B3 /* Assets.xcassets in Resources */ = {isa = PBXBuildFile; fileRef = 38FD92CE1D17285E003599B3 /* Assets.xcassets */; };
		38FD92D21D17285E003599B3 /* LaunchScreen.storyboard in Resources */ = {isa = PBXBuildFile; fileRef = 38FD92D01D17285E003599B3 /* LaunchScreen.storyboard */; };
		38FD92DD1D17285E003599B3 /* OnTheMapTests.swift in Sources */ = {isa = PBXBuildFile; fileRef = 38FD92DC1D17285E003599B3 /* OnTheMapTests.swift */; };
		38FD92E81D17285E003599B3 /* OnTheMapUITests.swift in Sources */ = {isa = PBXBuildFile; fileRef = 38FD92E71D17285E003599B3 /* OnTheMapUITests.swift */; };
		38FD92F61D172A5B003599B3 /* GCDBlackBox.swift in Sources */ = {isa = PBXBuildFile; fileRef = 38FD92F51D172A5B003599B3 /* GCDBlackBox.swift */; };
		38FD934F1D18CBA3003599B3 /* LogInViewController.swift in Sources */ = {isa = PBXBuildFile; fileRef = 38FD934E1D18CBA3003599B3 /* LogInViewController.swift */; };
/* End PBXBuildFile section */

/* Begin PBXContainerItemProxy section */
		38FD92D91D17285E003599B3 /* PBXContainerItemProxy */ = {
			isa = PBXContainerItemProxy;
			containerPortal = 38FD92B91D17285E003599B3 /* Project object */;
			proxyType = 1;
			remoteGlobalIDString = 38FD92C01D17285E003599B3;
			remoteInfo = OnTheMap;
		};
		38FD92E41D17285E003599B3 /* PBXContainerItemProxy */ = {
			isa = PBXContainerItemProxy;
			containerPortal = 38FD92B91D17285E003599B3 /* Project object */;
			proxyType = 1;
			remoteGlobalIDString = 38FD92C01D17285E003599B3;
			remoteInfo = OnTheMap;
		};
/* End PBXContainerItemProxy section */

/* Begin PBXFileReference section */
		38021F7A1D20B68000863A6E /* APIConstants.swift */ = {isa = PBXFileReference; fileEncoding = 4; lastKnownFileType = sourcecode.swift; path = APIConstants.swift; sourceTree = "<group>"; };
		38021F7D1D21A7EF00863A6E /* ParseClient.swift */ = {isa = PBXFileReference; fileEncoding = 4; lastKnownFileType = sourcecode.swift; path = ParseClient.swift; sourceTree = "<group>"; };
		38021F7F1D21E3B800863A6E /* ParseConstants.swift */ = {isa = PBXFileReference; fileEncoding = 4; lastKnownFileType = sourcecode.swift; path = ParseConstants.swift; sourceTree = "<group>"; };
		38021F811D22E8D100863A6E /* Location.swift */ = {isa = PBXFileReference; fileEncoding = 4; lastKnownFileType = sourcecode.swift; path = Location.swift; sourceTree = "<group>"; };
		38021F831D22FA6E00863A6E /* StudentLocation.swift */ = {isa = PBXFileReference; fileEncoding = 4; lastKnownFileType = sourcecode.swift; path = StudentLocation.swift; sourceTree = "<group>"; };
		38021F851D235A8F00863A6E /* WebViewController.swift */ = {isa = PBXFileReference; fileEncoding = 4; lastKnownFileType = sourcecode.swift; path = WebViewController.swift; sourceTree = "<group>"; };
		38021F8F1D2987DE00863A6E /* Login.swift */ = {isa = PBXFileReference; fileEncoding = 4; lastKnownFileType = sourcecode.swift; path = Login.swift; sourceTree = "<group>"; };
		380DC0DD1D19D686003A65FF /* InformationPostingViewController.swift */ = {isa = PBXFileReference; fileEncoding = 4; lastKnownFileType = sourcecode.swift; path = InformationPostingViewController.swift; sourceTree = "<group>"; };
		380DC0DF1D19DE37003A65FF /* StudentListTableViewController.swift */ = {isa = PBXFileReference; fileEncoding = 4; lastKnownFileType = sourcecode.swift; path = StudentListTableViewController.swift; sourceTree = "<group>"; };
		380DC0E41D1B4DA6003A65FF /* UdacityClient.swift */ = {isa = PBXFileReference; fileEncoding = 4; lastKnownFileType = sourcecode.swift; path = UdacityClient.swift; sourceTree = "<group>"; };
		380DC0EA1D1B4E9E003A65FF /* UdacityConstants.swift */ = {isa = PBXFileReference; fileEncoding = 4; lastKnownFileType = sourcecode.swift; name = UdacityConstants.swift; path = ../UdacityConstants.swift; sourceTree = "<group>"; };
		38D597C61D2DECB20052A035 /* StudentLocationTableViewCell.swift */ = {isa = PBXFileReference; fileEncoding = 4; lastKnownFileType = sourcecode.swift; path = StudentLocationTableViewCell.swift; sourceTree = "<group>"; };
		38D597C81D2EBE420052A035 /* Student.swift */ = {isa = PBXFileReference; fileEncoding = 4; lastKnownFileType = sourcecode.swift; path = Student.swift; sourceTree = "<group>"; };
		38F9C41C1D20636B007BD549 /* APISession.swift */ = {isa = PBXFileReference; fileEncoding = 4; lastKnownFileType = sourcecode.swift; path = APISession.swift; sourceTree = "<group>"; };
		38FD92C11D17285E003599B3 /* OnTheMap.app */ = {isa = PBXFileReference; explicitFileType = wrapper.application; includeInIndex = 0; path = OnTheMap.app; sourceTree = BUILT_PRODUCTS_DIR; };
		38FD92C41D17285E003599B3 /* AppDelegate.swift */ = {isa = PBXFileReference; lastKnownFileType = sourcecode.swift; path = AppDelegate.swift; sourceTree = "<group>"; };
		38FD92C61D17285E003599B3 /* MapViewController.swift */ = {isa = PBXFileReference; lastKnownFileType = sourcecode.swift; path = MapViewController.swift; sourceTree = "<group>"; };
		38FD92C91D17285E003599B3 /* Base */ = {isa = PBXFileReference; lastKnownFileType = file.storyboard; name = Base; path = Base.lproj/Main.storyboard; sourceTree = "<group>"; };
		38FD92CC1D17285E003599B3 /* OnTheMap.xcdatamodel */ = {isa = PBXFileReference; lastKnownFileType = wrapper.xcdatamodel; path = OnTheMap.xcdatamodel; sourceTree = "<group>"; };
		38FD92CE1D17285E003599B3 /* Assets.xcassets */ = {isa = PBXFileReference; lastKnownFileType = folder.assetcatalog; path = Assets.xcassets; sourceTree = "<group>"; };
		38FD92D11D17285E003599B3 /* Base */ = {isa = PBXFileReference; lastKnownFileType = file.storyboard; name = Base; path = Base.lproj/LaunchScreen.storyboard; sourceTree = "<group>"; };
		38FD92D31D17285E003599B3 /* Info.plist */ = {isa = PBXFileReference; lastKnownFileType = text.plist.xml; path = Info.plist; sourceTree = "<group>"; };
		38FD92D81D17285E003599B3 /* OnTheMapTests.xctest */ = {isa = PBXFileReference; explicitFileType = wrapper.cfbundle; includeInIndex = 0; path = OnTheMapTests.xctest; sourceTree = BUILT_PRODUCTS_DIR; };
		38FD92DC1D17285E003599B3 /* OnTheMapTests.swift */ = {isa = PBXFileReference; lastKnownFileType = sourcecode.swift; path = OnTheMapTests.swift; sourceTree = "<group>"; };
		38FD92DE1D17285E003599B3 /* Info.plist */ = {isa = PBXFileReference; lastKnownFileType = text.plist.xml; path = Info.plist; sourceTree = "<group>"; };
		38FD92E31D17285E003599B3 /* OnTheMapUITests.xctest */ = {isa = PBXFileReference; explicitFileType = wrapper.cfbundle; includeInIndex = 0; path = OnTheMapUITests.xctest; sourceTree = BUILT_PRODUCTS_DIR; };
		38FD92E71D17285E003599B3 /* OnTheMapUITests.swift */ = {isa = PBXFileReference; lastKnownFileType = sourcecode.swift; path = OnTheMapUITests.swift; sourceTree = "<group>"; };
		38FD92E91D17285E003599B3 /* Info.plist */ = {isa = PBXFileReference; lastKnownFileType = text.plist.xml; path = Info.plist; sourceTree = "<group>"; };
		38FD92F51D172A5B003599B3 /* GCDBlackBox.swift */ = {isa = PBXFileReference; fileEncoding = 4; lastKnownFileType = sourcecode.swift; path = GCDBlackBox.swift; sourceTree = "<group>"; };
		38FD934E1D18CBA3003599B3 /* LogInViewController.swift */ = {isa = PBXFileReference; fileEncoding = 4; lastKnownFileType = sourcecode.swift; path = LogInViewController.swift; sourceTree = "<group>"; };
/* End PBXFileReference section */

/* Begin PBXFrameworksBuildPhase section */
		38FD92BE1D17285E003599B3 /* Frameworks */ = {
			isa = PBXFrameworksBuildPhase;
			buildActionMask = 2147483647;
			files = (
			);
			runOnlyForDeploymentPostprocessing = 0;
		};
		38FD92D51D17285E003599B3 /* Frameworks */ = {
			isa = PBXFrameworksBuildPhase;
			buildActionMask = 2147483647;
			files = (
			);
			runOnlyForDeploymentPostprocessing = 0;
		};
		38FD92E01D17285E003599B3 /* Frameworks */ = {
			isa = PBXFrameworksBuildPhase;
			buildActionMask = 2147483647;
			files = (
			);
			runOnlyForDeploymentPostprocessing = 0;
		};
/* End PBXFrameworksBuildPhase section */

/* Begin PBXGroup section */
		38021F7C1D20B6EB00863A6E /* API */ = {
			isa = PBXGroup;
			children = (
				38F9C41C1D20636B007BD549 /* APISession.swift */,
				38021F7A1D20B68000863A6E /* APIConstants.swift */,
			);
			name = API;
			sourceTree = "<group>";
		};
		380DC0E11D1A0FC6003A65FF /* Supporting Files */ = {
			isa = PBXGroup;
			children = (
				38FD92C41D17285E003599B3 /* AppDelegate.swift */,
				38FD92C81D17285E003599B3 /* Main.storyboard */,
				38FD92CE1D17285E003599B3 /* Assets.xcassets */,
				38FD92D01D17285E003599B3 /* LaunchScreen.storyboard */,
				38FD92D31D17285E003599B3 /* Info.plist */,
				38FD92CB1D17285E003599B3 /* OnTheMap.xcdatamodeld */,
				38FD92F51D172A5B003599B3 /* GCDBlackBox.swift */,
				38D597C61D2DECB20052A035 /* StudentLocationTableViewCell.swift */,
			);
			name = "Supporting Files";
			sourceTree = "<group>";
		};
		38F9C4161D1D968E007BD549 /* Parse */ = {
			isa = PBXGroup;
			children = (
				38021F7D1D21A7EF00863A6E /* ParseClient.swift */,
				38021F7F1D21E3B800863A6E /* ParseConstants.swift */,
			);
			name = Parse;
			sourceTree = "<group>";
		};
		38F9C4181D1D974F007BD549 /* DataSource */ = {
			isa = PBXGroup;
			children = (
			);
			name = DataSource;
			sourceTree = "<group>";
		};
		38FD92B81D17285E003599B3 = {
			isa = PBXGroup;
			children = (
				38FD92C31D17285E003599B3 /* OnTheMap */,
				38FD92DB1D17285E003599B3 /* OnTheMapTests */,
				38FD92E61D17285E003599B3 /* OnTheMapUITests */,
				38FD92C21D17285E003599B3 /* Products */,
			);
			sourceTree = "<group>";
		};
		38FD92C21D17285E003599B3 /* Products */ = {
			isa = PBXGroup;
			children = (
				38FD92C11D17285E003599B3 /* OnTheMap.app */,
				38FD92D81D17285E003599B3 /* OnTheMapTests.xctest */,
				38FD92E31D17285E003599B3 /* OnTheMapUITests.xctest */,
			);
			name = Products;
			sourceTree = "<group>";
		};
		38FD92C31D17285E003599B3 /* OnTheMap */ = {
			isa = PBXGroup;
			children = (
				38FD92F71D172A7D003599B3 /* Models */,
				380DC0E11D1A0FC6003A65FF /* Supporting Files */,
				38FD93501D18D457003599B3 /* View Controllers */,
			);
			path = OnTheMap;
			sourceTree = "<group>";
		};
		38FD92DB1D17285E003599B3 /* OnTheMapTests */ = {
			isa = PBXGroup;
			children = (
				38FD92DC1D17285E003599B3 /* OnTheMapTests.swift */,
				38FD92DE1D17285E003599B3 /* Info.plist */,
			);
			path = OnTheMapTests;
			sourceTree = "<group>";
		};
		38FD92E61D17285E003599B3 /* OnTheMapUITests */ = {
			isa = PBXGroup;
			children = (
				38FD92E71D17285E003599B3 /* OnTheMapUITests.swift */,
				38FD92E91D17285E003599B3 /* Info.plist */,
			);
			path = OnTheMapUITests;
			sourceTree = "<group>";
		};
		38FD92F71D172A7D003599B3 /* Models */ = {
			isa = PBXGroup;
			children = (
				38021F7C1D20B6EB00863A6E /* API */,
				38021F811D22E8D100863A6E /* Location.swift */,
				38FD92F81D172A92003599B3 /* Clients */,
				38D597C81D2EBE420052A035 /* Student.swift */,
				38021F831D22FA6E00863A6E /* StudentLocation.swift */,
				38F9C4181D1D974F007BD549 /* DataSource */,
			);
			name = Models;
			sourceTree = "<group>";
		};
		38FD92F81D172A92003599B3 /* Clients */ = {
			isa = PBXGroup;
			children = (
				38F9C4161D1D968E007BD549 /* Parse */,
				38FD92F91D172AEE003599B3 /* Udacity */,
			);
			name = Clients;
			sourceTree = "<group>";
		};
		38FD92F91D172AEE003599B3 /* Udacity */ = {
			isa = PBXGroup;
			children = (
				380DC0E41D1B4DA6003A65FF /* UdacityClient.swift */,
				380DC0EA1D1B4E9E003A65FF /* UdacityConstants.swift */,
				38021F8F1D2987DE00863A6E /* Login.swift */,
			);
			name = Udacity;
			sourceTree = "<group>";
		};
		38FD93501D18D457003599B3 /* View Controllers */ = {
			isa = PBXGroup;
			children = (
				380DC0DD1D19D686003A65FF /* InformationPostingViewController.swift */,
				380DC0DF1D19DE37003A65FF /* StudentListTableViewController.swift */,
				38FD934E1D18CBA3003599B3 /* LogInViewController.swift */,
				38FD92C61D17285E003599B3 /* MapViewController.swift */,
				38021F851D235A8F00863A6E /* WebViewController.swift */,
			);
			name = "View Controllers";
			sourceTree = "<group>";
		};
/* End PBXGroup section */

/* Begin PBXNativeTarget section */
		38FD92C01D17285E003599B3 /* OnTheMap */ = {
			isa = PBXNativeTarget;
			buildConfigurationList = 38FD92EC1D17285E003599B3 /* Build configuration list for PBXNativeTarget "OnTheMap" */;
			buildPhases = (
				38FD92BD1D17285E003599B3 /* Sources */,
				38FD92BE1D17285E003599B3 /* Frameworks */,
				38FD92BF1D17285E003599B3 /* Resources */,
			);
			buildRules = (
			);
			dependencies = (
			);
			name = OnTheMap;
			productName = OnTheMap;
			productReference = 38FD92C11D17285E003599B3 /* OnTheMap.app */;
			productType = "com.apple.product-type.application";
		};
		38FD92D71D17285E003599B3 /* OnTheMapTests */ = {
			isa = PBXNativeTarget;
			buildConfigurationList = 38FD92EF1D17285E003599B3 /* Build configuration list for PBXNativeTarget "OnTheMapTests" */;
			buildPhases = (
				38FD92D41D17285E003599B3 /* Sources */,
				38FD92D51D17285E003599B3 /* Frameworks */,
				38FD92D61D17285E003599B3 /* Resources */,
			);
			buildRules = (
			);
			dependencies = (
				38FD92DA1D17285E003599B3 /* PBXTargetDependency */,
			);
			name = OnTheMapTests;
			productName = OnTheMapTests;
			productReference = 38FD92D81D17285E003599B3 /* OnTheMapTests.xctest */;
			productType = "com.apple.product-type.bundle.unit-test";
		};
		38FD92E21D17285E003599B3 /* OnTheMapUITests */ = {
			isa = PBXNativeTarget;
			buildConfigurationList = 38FD92F21D17285E003599B3 /* Build configuration list for PBXNativeTarget "OnTheMapUITests" */;
			buildPhases = (
				38FD92DF1D17285E003599B3 /* Sources */,
				38FD92E01D17285E003599B3 /* Frameworks */,
				38FD92E11D17285E003599B3 /* Resources */,
			);
			buildRules = (
			);
			dependencies = (
				38FD92E51D17285E003599B3 /* PBXTargetDependency */,
			);
			name = OnTheMapUITests;
			productName = OnTheMapUITests;
			productReference = 38FD92E31D17285E003599B3 /* OnTheMapUITests.xctest */;
			productType = "com.apple.product-type.bundle.ui-testing";
		};
/* End PBXNativeTarget section */

/* Begin PBXProject section */
		38FD92B91D17285E003599B3 /* Project object */ = {
			isa = PBXProject;
			attributes = {
				LastSwiftUpdateCheck = 0730;
				LastUpgradeCheck = 0730;
				ORGANIZATIONNAME = udacity;
				TargetAttributes = {
					38FD92C01D17285E003599B3 = {
						CreatedOnToolsVersion = 7.3.1;
					};
					38FD92D71D17285E003599B3 = {
						CreatedOnToolsVersion = 7.3.1;
						TestTargetID = 38FD92C01D17285E003599B3;
					};
					38FD92E21D17285E003599B3 = {
						CreatedOnToolsVersion = 7.3.1;
						TestTargetID = 38FD92C01D17285E003599B3;
					};
				};
			};
			buildConfigurationList = 38FD92BC1D17285E003599B3 /* Build configuration list for PBXProject "OnTheMap" */;
			compatibilityVersion = "Xcode 3.2";
			developmentRegion = English;
			hasScannedForEncodings = 0;
			knownRegions = (
				en,
				Base,
			);
			mainGroup = 38FD92B81D17285E003599B3;
			productRefGroup = 38FD92C21D17285E003599B3 /* Products */;
			projectDirPath = "";
			projectRoot = "";
			targets = (
				38FD92C01D17285E003599B3 /* OnTheMap */,
				38FD92D71D17285E003599B3 /* OnTheMapTests */,
				38FD92E21D17285E003599B3 /* OnTheMapUITests */,
			);
		};
/* End PBXProject section */

/* Begin PBXResourcesBuildPhase section */
		38FD92BF1D17285E003599B3 /* Resources */ = {
			isa = PBXResourcesBuildPhase;
			buildActionMask = 2147483647;
			files = (
				38FD92D21D17285E003599B3 /* LaunchScreen.storyboard in Resources */,
				38FD92CF1D17285E003599B3 /* Assets.xcassets in Resources */,
				38FD92CA1D17285E003599B3 /* Main.storyboard in Resources */,
			);
			runOnlyForDeploymentPostprocessing = 0;
		};
		38FD92D61D17285E003599B3 /* Resources */ = {
			isa = PBXResourcesBuildPhase;
			buildActionMask = 2147483647;
			files = (
			);
			runOnlyForDeploymentPostprocessing = 0;
		};
		38FD92E11D17285E003599B3 /* Resources */ = {
			isa = PBXResourcesBuildPhase;
			buildActionMask = 2147483647;
			files = (
			);
			runOnlyForDeploymentPostprocessing = 0;
		};
/* End PBXResourcesBuildPhase section */

/* Begin PBXSourcesBuildPhase section */
		38FD92BD1D17285E003599B3 /* Sources */ = {
			isa = PBXSourcesBuildPhase;
			buildActionMask = 2147483647;
			files = (
				38021F841D22FA6E00863A6E /* StudentLocation.swift in Sources */,
				38FD92F61D172A5B003599B3 /* GCDBlackBox.swift in Sources */,
				380DC0EB1D1B4E9E003A65FF /* UdacityConstants.swift in Sources */,
				38FD934F1D18CBA3003599B3 /* LogInViewController.swift in Sources */,
				380DC0DE1D19D686003A65FF /* InformationPostingViewController.swift in Sources */,
				38FD92CD1D17285E003599B3 /* OnTheMap.xcdatamodeld in Sources */,
				38FD92C71D17285E003599B3 /* MapViewController.swift in Sources */,
				38021F821D22E8D100863A6E /* Location.swift in Sources */,
				38FD92C51D17285E003599B3 /* AppDelegate.swift in Sources */,
				38F9C41D1D20636B007BD549 /* APISession.swift in Sources */,
				380DC0E01D19DE37003A65FF /* StudentListTableViewController.swift in Sources */,
				38021F861D235A8F00863A6E /* WebViewController.swift in Sources */,
				380DC0E51D1B4DA6003A65FF /* UdacityClient.swift in Sources */,
				38021F7B1D20B68000863A6E /* APIConstants.swift in Sources */,
				38021F7E1D21A7EF00863A6E /* ParseClient.swift in Sources */,
				38021F901D2987DE00863A6E /* Login.swift in Sources */,
				38D597C71D2DECB20052A035 /* StudentLocationTableViewCell.swift in Sources */,
				38D597C91D2EBE420052A035 /* Student.swift in Sources */,
				38021F801D21E3B800863A6E /* ParseConstants.swift in Sources */,
			);
			runOnlyForDeploymentPostprocessing = 0;
		};
		38FD92D41D17285E003599B3 /* Sources */ = {
			isa = PBXSourcesBuildPhase;
			buildActionMask = 2147483647;
			files = (
				38FD92DD1D17285E003599B3 /* OnTheMapTests.swift in Sources */,
			);
			runOnlyForDeploymentPostprocessing = 0;
		};
		38FD92DF1D17285E003599B3 /* Sources */ = {
			isa = PBXSourcesBuildPhase;
			buildActionMask = 2147483647;
			files = (
				38FD92E81D17285E003599B3 /* OnTheMapUITests.swift in Sources */,
			);
			runOnlyForDeploymentPostprocessing = 0;
		};
/* End PBXSourcesBuildPhase section */

/* Begin PBXTargetDependency section */
		38FD92DA1D17285E003599B3 /* PBXTargetDependency */ = {
			isa = PBXTargetDependency;
			target = 38FD92C01D17285E003599B3 /* OnTheMap */;
			targetProxy = 38FD92D91D17285E003599B3 /* PBXContainerItemProxy */;
		};
		38FD92E51D17285E003599B3 /* PBXTargetDependency */ = {
			isa = PBXTargetDependency;
			target = 38FD92C01D17285E003599B3 /* OnTheMap */;
			targetProxy = 38FD92E41D17285E003599B3 /* PBXContainerItemProxy */;
		};
/* End PBXTargetDependency section */

/* Begin PBXVariantGroup section */
		38FD92C81D17285E003599B3 /* Main.storyboard */ = {
			isa = PBXVariantGroup;
			children = (
				38FD92C91D17285E003599B3 /* Base */,
			);
			name = Main.storyboard;
			sourceTree = "<group>";
		};
		38FD92D01D17285E003599B3 /* LaunchScreen.storyboard */ = {
			isa = PBXVariantGroup;
			children = (
				38FD92D11D17285E003599B3 /* Base */,
			);
			name = LaunchScreen.storyboard;
			sourceTree = "<group>";
		};
/* End PBXVariantGroup section */

/* Begin XCBuildConfiguration section */
		38FD92EA1D17285E003599B3 /* Debug */ = {
			isa = XCBuildConfiguration;
			buildSettings = {
				ALWAYS_SEARCH_USER_PATHS = NO;
				CLANG_ANALYZER_NONNULL = YES;
				CLANG_CXX_LANGUAGE_STANDARD = "gnu++0x";
				CLANG_CXX_LIBRARY = "libc++";
				CLANG_ENABLE_MODULES = YES;
				CLANG_ENABLE_OBJC_ARC = YES;
				CLANG_WARN_BOOL_CONVERSION = YES;
				CLANG_WARN_CONSTANT_CONVERSION = YES;
				CLANG_WARN_DIRECT_OBJC_ISA_USAGE = YES_ERROR;
				CLANG_WARN_EMPTY_BODY = YES;
				CLANG_WARN_ENUM_CONVERSION = YES;
				CLANG_WARN_INT_CONVERSION = YES;
				CLANG_WARN_OBJC_ROOT_CLASS = YES_ERROR;
				CLANG_WARN_UNREACHABLE_CODE = YES;
				CLANG_WARN__DUPLICATE_METHOD_MATCH = YES;
				"CODE_SIGN_IDENTITY[sdk=iphoneos*]" = "iPhone Developer";
				COPY_PHASE_STRIP = NO;
				DEBUG_INFORMATION_FORMAT = dwarf;
				ENABLE_STRICT_OBJC_MSGSEND = YES;
				ENABLE_TESTABILITY = YES;
				GCC_C_LANGUAGE_STANDARD = gnu99;
				GCC_DYNAMIC_NO_PIC = NO;
				GCC_NO_COMMON_BLOCKS = YES;
				GCC_OPTIMIZATION_LEVEL = 0;
				GCC_PREPROCESSOR_DEFINITIONS = (
					"DEBUG=1",
					"$(inherited)",
				);
				GCC_WARN_64_TO_32_BIT_CONVERSION = YES;
				GCC_WARN_ABOUT_RETURN_TYPE = YES_ERROR;
				GCC_WARN_UNDECLARED_SELECTOR = YES;
				GCC_WARN_UNINITIALIZED_AUTOS = YES_AGGRESSIVE;
				GCC_WARN_UNUSED_FUNCTION = YES;
				GCC_WARN_UNUSED_VARIABLE = YES;
				IPHONEOS_DEPLOYMENT_TARGET = 9.3;
				MTL_ENABLE_DEBUG_INFO = YES;
				ONLY_ACTIVE_ARCH = YES;
				SDKROOT = iphoneos;
				SWIFT_OPTIMIZATION_LEVEL = "-Onone";
			};
			name = Debug;
		};
		38FD92EB1D17285E003599B3 /* Release */ = {
			isa = XCBuildConfiguration;
			buildSettings = {
				ALWAYS_SEARCH_USER_PATHS = NO;
				CLANG_ANALYZER_NONNULL = YES;
				CLANG_CXX_LANGUAGE_STANDARD = "gnu++0x";
				CLANG_CXX_LIBRARY = "libc++";
				CLANG_ENABLE_MODULES = YES;
				CLANG_ENABLE_OBJC_ARC = YES;
				CLANG_WARN_BOOL_CONVERSION = YES;
				CLANG_WARN_CONSTANT_CONVERSION = YES;
				CLANG_WARN_DIRECT_OBJC_ISA_USAGE = YES_ERROR;
				CLANG_WARN_EMPTY_BODY = YES;
				CLANG_WARN_ENUM_CONVERSION = YES;
				CLANG_WARN_INT_CONVERSION = YES;
				CLANG_WARN_OBJC_ROOT_CLASS = YES_ERROR;
				CLANG_WARN_UNREACHABLE_CODE = YES;
				CLANG_WARN__DUPLICATE_METHOD_MATCH = YES;
				"CODE_SIGN_IDENTITY[sdk=iphoneos*]" = "iPhone Developer";
				COPY_PHASE_STRIP = NO;
				DEBUG_INFORMATION_FORMAT = "dwarf-with-dsym";
				ENABLE_NS_ASSERTIONS = NO;
				ENABLE_STRICT_OBJC_MSGSEND = YES;
				GCC_C_LANGUAGE_STANDARD = gnu99;
				GCC_NO_COMMON_BLOCKS = YES;
				GCC_WARN_64_TO_32_BIT_CONVERSION = YES;
				GCC_WARN_ABOUT_RETURN_TYPE = YES_ERROR;
				GCC_WARN_UNDECLARED_SELECTOR = YES;
				GCC_WARN_UNINITIALIZED_AUTOS = YES_AGGRESSIVE;
				GCC_WARN_UNUSED_FUNCTION = YES;
				GCC_WARN_UNUSED_VARIABLE = YES;
				IPHONEOS_DEPLOYMENT_TARGET = 9.3;
				MTL_ENABLE_DEBUG_INFO = NO;
				SDKROOT = iphoneos;
				VALIDATE_PRODUCT = YES;
			};
			name = Release;
		};
		38FD92ED1D17285E003599B3 /* Debug */ = {
			isa = XCBuildConfiguration;
			buildSettings = {
				ASSETCATALOG_COMPILER_APPICON_NAME = AppIcon;
				INFOPLIST_FILE = OnTheMap/Info.plist;
				LD_RUNPATH_SEARCH_PATHS = "$(inherited) @executable_path/Frameworks";
				PRODUCT_BUNDLE_IDENTIFIER = com.udacity.OnTheMap;
				PRODUCT_NAME = "$(TARGET_NAME)";
			};
			name = Debug;
		};
		38FD92EE1D17285E003599B3 /* Release */ = {
			isa = XCBuildConfiguration;
			buildSettings = {
				ASSETCATALOG_COMPILER_APPICON_NAME = AppIcon;
				INFOPLIST_FILE = OnTheMap/Info.plist;
				LD_RUNPATH_SEARCH_PATHS = "$(inherited) @executable_path/Frameworks";
				PRODUCT_BUNDLE_IDENTIFIER = com.udacity.OnTheMap;
				PRODUCT_NAME = "$(TARGET_NAME)";
			};
			name = Release;
		};
		38FD92F01D17285E003599B3 /* Debug */ = {
			isa = XCBuildConfiguration;
			buildSettings = {
				BUNDLE_LOADER = "$(TEST_HOST)";
				INFOPLIST_FILE = OnTheMapTests/Info.plist;
				LD_RUNPATH_SEARCH_PATHS = "$(inherited) @executable_path/Frameworks @loader_path/Frameworks";
				PRODUCT_BUNDLE_IDENTIFIER = com.udacity.OnTheMapTests;
				PRODUCT_NAME = "$(TARGET_NAME)";
				TEST_HOST = "$(BUILT_PRODUCTS_DIR)/OnTheMap.app/OnTheMap";
			};
			name = Debug;
		};
		38FD92F11D17285E003599B3 /* Release */ = {
			isa = XCBuildConfiguration;
			buildSettings = {
				BUNDLE_LOADER = "$(TEST_HOST)";
				INFOPLIST_FILE = OnTheMapTests/Info.plist;
				LD_RUNPATH_SEARCH_PATHS = "$(inherited) @executable_path/Frameworks @loader_path/Frameworks";
				PRODUCT_BUNDLE_IDENTIFIER = com.udacity.OnTheMapTests;
				PRODUCT_NAME = "$(TARGET_NAME)";
				TEST_HOST = "$(BUILT_PRODUCTS_DIR)/OnTheMap.app/OnTheMap";
			};
			name = Release;
		};
		38FD92F31D17285E003599B3 /* Debug */ = {
			isa = XCBuildConfiguration;
			buildSettings = {
				INFOPLIST_FILE = OnTheMapUITests/Info.plist;
				LD_RUNPATH_SEARCH_PATHS = "$(inherited) @executable_path/Frameworks @loader_path/Frameworks";
				PRODUCT_BUNDLE_IDENTIFIER = com.udacity.OnTheMapUITests;
				PRODUCT_NAME = "$(TARGET_NAME)";
				TEST_TARGET_NAME = OnTheMap;
			};
			name = Debug;
		};
		38FD92F41D17285E003599B3 /* Release */ = {
			isa = XCBuildConfiguration;
			buildSettings = {
				INFOPLIST_FILE = OnTheMapUITests/Info.plist;
				LD_RUNPATH_SEARCH_PATHS = "$(inherited) @executable_path/Frameworks @loader_path/Frameworks";
				PRODUCT_BUNDLE_IDENTIFIER = com.udacity.OnTheMapUITests;
				PRODUCT_NAME = "$(TARGET_NAME)";
				TEST_TARGET_NAME = OnTheMap;
			};
			name = Release;
		};
/* End XCBuildConfiguration section */

/* Begin XCConfigurationList section */
		38FD92BC1D17285E003599B3 /* Build configuration list for PBXProject "OnTheMap" */ = {
			isa = XCConfigurationList;
			buildConfigurations = (
				38FD92EA1D17285E003599B3 /* Debug */,
				38FD92EB1D17285E003599B3 /* Release */,
			);
			defaultConfigurationIsVisible = 0;
			defaultConfigurationName = Release;
		};
		38FD92EC1D17285E003599B3 /* Build configuration list for PBXNativeTarget "OnTheMap" */ = {
			isa = XCConfigurationList;
			buildConfigurations = (
				38FD92ED1D17285E003599B3 /* Debug */,
				38FD92EE1D17285E003599B3 /* Release */,
			);
			defaultConfigurationIsVisible = 0;
			defaultConfigurationName = Release;
		};
		38FD92EF1D17285E003599B3 /* Build configuration list for PBXNativeTarget "OnTheMapTests" */ = {
			isa = XCConfigurationList;
			buildConfigurations = (
				38FD92F01D17285E003599B3 /* Debug */,
				38FD92F11D17285E003599B3 /* Release */,
			);
			defaultConfigurationIsVisible = 0;
			defaultConfigurationName = Release;
		};
		38FD92F21D17285E003599B3 /* Build configuration list for PBXNativeTarget "OnTheMapUITests" */ = {
			isa = XCConfigurationList;
			buildConfigurations = (
				38FD92F31D17285E003599B3 /* Debug */,
				38FD92F41D17285E003599B3 /* Release */,
			);
			defaultConfigurationIsVisible = 0;
			defaultConfigurationName = Release;
		};
/* End XCConfigurationList section */

/* Begin XCVersionGroup section */
		38FD92CB1D17285E003599B3 /* OnTheMap.xcdatamodeld */ = {
			isa = XCVersionGroup;
			children = (
				38FD92CC1D17285E003599B3 /* OnTheMap.xcdatamodel */,
			);
			currentVersion = 38FD92CC1D17285E003599B3 /* OnTheMap.xcdatamodel */;
			path = OnTheMap.xcdatamodeld;
			sourceTree = "<group>";
			versionGroupType = wrapper.xcdatamodel;
		};
/* End XCVersionGroup section */
	};
	rootObject = 38FD92B91D17285E003599B3 /* Project object */;
}
